// !$*UTF8*$!
{
	archiveVersion = 1;
	classes = {
	};
	objectVersion = 51;
	objects = {

/* Begin PBXBuildFile section */
		5072211C021A27BCA21E68BD /* Pods_myPlaces.framework in Frameworks */ = {isa = PBXBuildFile; fileRef = D6C46BD97D5CE43BF342B608 /* Pods_myPlaces.framework */; };
		E7002A592542EA3200AFB731 /* CustomTableViewCell.swift in Sources */ = {isa = PBXBuildFile; fileRef = E7002A582542EA3200AFB731 /* CustomTableViewCell.swift */; };
		E7002A5D2542ED6300AFB731 /* PlaceModel.swift in Sources */ = {isa = PBXBuildFile; fileRef = E7002A5C2542ED6300AFB731 /* PlaceModel.swift */; };
		E7002A602543353200AFB731 /* NewPlace.swift in Sources */ = {isa = PBXBuildFile; fileRef = E7002A5F2543353200AFB731 /* NewPlace.swift */; };
		E795314D25407E20000D11B4 /* AppDelegate.swift in Sources */ = {isa = PBXBuildFile; fileRef = E795314C25407E20000D11B4 /* AppDelegate.swift */; };
		E795314F25407E20000D11B4 /* SceneDelegate.swift in Sources */ = {isa = PBXBuildFile; fileRef = E795314E25407E20000D11B4 /* SceneDelegate.swift */; };
		E795315425407E20000D11B4 /* Main.storyboard in Resources */ = {isa = PBXBuildFile; fileRef = E795315225407E20000D11B4 /* Main.storyboard */; };
		E795315625407E23000D11B4 /* Assets.xcassets in Resources */ = {isa = PBXBuildFile; fileRef = E795315525407E23000D11B4 /* Assets.xcassets */; };
		E795315925407E23000D11B4 /* LaunchScreen.storyboard in Resources */ = {isa = PBXBuildFile; fileRef = E795315725407E23000D11B4 /* LaunchScreen.storyboard */; };
		E795316325414064000D11B4 /* MainViewController.swift in Sources */ = {isa = PBXBuildFile; fileRef = E795316225414064000D11B4 /* MainViewController.swift */; };
		E7B7F6DB25495F650005C66B /* StorageManager.swift in Sources */ = {isa = PBXBuildFile; fileRef = E7B7F6DA25495F650005C66B /* StorageManager.swift */; };
/* End PBXBuildFile section */

/* Begin PBXFileReference section */
		447560F2562BB1647DA7FEE9 /* Pods-myPlaces.debug.xcconfig */ = {isa = PBXFileReference; includeInIndex = 1; lastKnownFileType = text.xcconfig; name = "Pods-myPlaces.debug.xcconfig"; path = "Target Support Files/Pods-myPlaces/Pods-myPlaces.debug.xcconfig"; sourceTree = "<group>"; };
		68F0128A62AC410E1AD71A30 /* Pods-myPlaces.release.xcconfig */ = {isa = PBXFileReference; includeInIndex = 1; lastKnownFileType = text.xcconfig; name = "Pods-myPlaces.release.xcconfig"; path = "Target Support Files/Pods-myPlaces/Pods-myPlaces.release.xcconfig"; sourceTree = "<group>"; };
		D6C46BD97D5CE43BF342B608 /* Pods_myPlaces.framework */ = {isa = PBXFileReference; explicitFileType = wrapper.framework; includeInIndex = 0; path = Pods_myPlaces.framework; sourceTree = BUILT_PRODUCTS_DIR; };
		E7002A582542EA3200AFB731 /* CustomTableViewCell.swift */ = {isa = PBXFileReference; lastKnownFileType = sourcecode.swift; path = CustomTableViewCell.swift; sourceTree = "<group>"; };
		E7002A5C2542ED6300AFB731 /* PlaceModel.swift */ = {isa = PBXFileReference; lastKnownFileType = sourcecode.swift; path = PlaceModel.swift; sourceTree = "<group>"; };
		E7002A5F2543353200AFB731 /* NewPlace.swift */ = {isa = PBXFileReference; lastKnownFileType = sourcecode.swift; path = NewPlace.swift; sourceTree = "<group>"; };
		E795314925407E20000D11B4 /* myPlaces.app */ = {isa = PBXFileReference; explicitFileType = wrapper.application; includeInIndex = 0; path = myPlaces.app; sourceTree = BUILT_PRODUCTS_DIR; };
		E795314C25407E20000D11B4 /* AppDelegate.swift */ = {isa = PBXFileReference; lastKnownFileType = sourcecode.swift; path = AppDelegate.swift; sourceTree = "<group>"; };
		E795314E25407E20000D11B4 /* SceneDelegate.swift */ = {isa = PBXFileReference; lastKnownFileType = sourcecode.swift; path = SceneDelegate.swift; sourceTree = "<group>"; };
		E795315325407E20000D11B4 /* Base */ = {isa = PBXFileReference; lastKnownFileType = file.storyboard; name = Base; path = Base.lproj/Main.storyboard; sourceTree = "<group>"; };
		E795315525407E23000D11B4 /* Assets.xcassets */ = {isa = PBXFileReference; lastKnownFileType = folder.assetcatalog; path = Assets.xcassets; sourceTree = "<group>"; };
		E795315825407E23000D11B4 /* Base */ = {isa = PBXFileReference; lastKnownFileType = file.storyboard; name = Base; path = Base.lproj/LaunchScreen.storyboard; sourceTree = "<group>"; };
		E795315A25407E23000D11B4 /* Info.plist */ = {isa = PBXFileReference; lastKnownFileType = text.plist.xml; path = Info.plist; sourceTree = "<group>"; };
		E795316225414064000D11B4 /* MainViewController.swift */ = {isa = PBXFileReference; lastKnownFileType = sourcecode.swift; path = MainViewController.swift; sourceTree = "<group>"; };
		E7B7F6DA25495F650005C66B /* StorageManager.swift */ = {isa = PBXFileReference; lastKnownFileType = sourcecode.swift; path = StorageManager.swift; sourceTree = "<group>"; };
/* End PBXFileReference section */

/* Begin PBXFrameworksBuildPhase section */
		E795314625407E20000D11B4 /* Frameworks */ = {
			isa = PBXFrameworksBuildPhase;
			buildActionMask = 2147483647;
			files = (
				5072211C021A27BCA21E68BD /* Pods_myPlaces.framework in Frameworks */,
			);
			runOnlyForDeploymentPostprocessing = 0;
		};
/* End PBXFrameworksBuildPhase section */

/* Begin PBXGroup section */
		550D1A5C2E71CBD2309F5625 /* Frameworks */ = {
			isa = PBXGroup;
			children = (
				D6C46BD97D5CE43BF342B608 /* Pods_myPlaces.framework */,
			);
			name = Frameworks;
			sourceTree = "<group>";
		};
		71D27EDB27AFA978E5E911A7 /* Pods */ = {
			isa = PBXGroup;
			children = (
				447560F2562BB1647DA7FEE9 /* Pods-myPlaces.debug.xcconfig */,
				68F0128A62AC410E1AD71A30 /* Pods-myPlaces.release.xcconfig */,
			);
			path = Pods;
			sourceTree = "<group>";
		};
		E795314025407E20000D11B4 = {
			isa = PBXGroup;
			children = (
				E795314B25407E20000D11B4 /* myPlaces */,
				E795314A25407E20000D11B4 /* Products */,
				71D27EDB27AFA978E5E911A7 /* Pods */,
				550D1A5C2E71CBD2309F5625 /* Frameworks */,
			);
			sourceTree = "<group>";
		};
		E795314A25407E20000D11B4 /* Products */ = {
			isa = PBXGroup;
			children = (
				E795314925407E20000D11B4 /* myPlaces.app */,
			);
			name = Products;
			sourceTree = "<group>";
		};
		E795314B25407E20000D11B4 /* myPlaces */ = {
			isa = PBXGroup;
			children = (
				E795314C25407E20000D11B4 /* AppDelegate.swift */,
				E795316225414064000D11B4 /* MainViewController.swift */,
				E7002A582542EA3200AFB731 /* CustomTableViewCell.swift */,
				E7002A5C2542ED6300AFB731 /* PlaceModel.swift */,
				E7B7F6DA25495F650005C66B /* StorageManager.swift */,
				E795314E25407E20000D11B4 /* SceneDelegate.swift */,
				E795315225407E20000D11B4 /* Main.storyboard */,
				E7002A5F2543353200AFB731 /* NewPlace.swift */,
				E795315525407E23000D11B4 /* Assets.xcassets */,
				E795315725407E23000D11B4 /* LaunchScreen.storyboard */,
				E795315A25407E23000D11B4 /* Info.plist */,
			);
			path = myPlaces;
			sourceTree = "<group>";
		};
/* End PBXGroup section */

/* Begin PBXNativeTarget section */
		E795314825407E20000D11B4 /* myPlaces */ = {
			isa = PBXNativeTarget;
			buildConfigurationList = E795315D25407E23000D11B4 /* Build configuration list for PBXNativeTarget "myPlaces" */;
			buildPhases = (
				E16436100F43C4F2126CB4FF /* [CP] Check Pods Manifest.lock */,
				E795314525407E20000D11B4 /* Sources */,
				E795314625407E20000D11B4 /* Frameworks */,
				E795314725407E20000D11B4 /* Resources */,
				F7C7871488ADAC7A4509953B /* [CP] Embed Pods Frameworks */,
			);
			buildRules = (
			);
			dependencies = (
			);
			name = myPlaces;
			productName = myPlaces;
			productReference = E795314925407E20000D11B4 /* myPlaces.app */;
			productType = "com.apple.product-type.application";
		};
/* End PBXNativeTarget section */

/* Begin PBXProject section */
		E795314125407E20000D11B4 /* Project object */ = {
			isa = PBXProject;
			attributes = {
				LastSwiftUpdateCheck = 1210;
				LastUpgradeCheck = 1210;
				TargetAttributes = {
					E795314825407E20000D11B4 = {
						CreatedOnToolsVersion = 12.1;
					};
				};
			};
			buildConfigurationList = E795314425407E20000D11B4 /* Build configuration list for PBXProject "myPlaces" */;
			compatibilityVersion = "Xcode 9.3";
			developmentRegion = en;
			hasScannedForEncodings = 0;
			knownRegions = (
				en,
				Base,
			);
			mainGroup = E795314025407E20000D11B4;
			productRefGroup = E795314A25407E20000D11B4 /* Products */;
			projectDirPath = "";
			projectRoot = "";
			targets = (
				E795314825407E20000D11B4 /* myPlaces */,
			);
		};
/* End PBXProject section */

/* Begin PBXResourcesBuildPhase section */
		E795314725407E20000D11B4 /* Resources */ = {
			isa = PBXResourcesBuildPhase;
			buildActionMask = 2147483647;
			files = (
				E795315925407E23000D11B4 /* LaunchScreen.storyboard in Resources */,
				E795315625407E23000D11B4 /* Assets.xcassets in Resources */,
				E795315425407E20000D11B4 /* Main.storyboard in Resources */,
			);
			runOnlyForDeploymentPostprocessing = 0;
		};
/* End PBXResourcesBuildPhase section */

/* Begin PBXShellScriptBuildPhase section */
		E16436100F43C4F2126CB4FF /* [CP] Check Pods Manifest.lock */ = {
			isa = PBXShellScriptBuildPhase;
			buildActionMask = 2147483647;
			files = (
			);
			inputFileListPaths = (
			);
			inputPaths = (
				"${PODS_PODFILE_DIR_PATH}/Podfile.lock",
				"${PODS_ROOT}/Manifest.lock",
			);
			name = "[CP] Check Pods Manifest.lock";
			outputFileListPaths = (
			);
			outputPaths = (
				"$(DERIVED_FILE_DIR)/Pods-myPlaces-checkManifestLockResult.txt",
			);
			runOnlyForDeploymentPostprocessing = 0;
			shellPath = /bin/sh;
			shellScript = "diff \"${PODS_PODFILE_DIR_PATH}/Podfile.lock\" \"${PODS_ROOT}/Manifest.lock\" > /dev/null\nif [ $? != 0 ] ; then\n    # print error to STDERR\n    echo \"error: The sandbox is not in sync with the Podfile.lock. Run 'pod install' or update your CocoaPods installation.\" >&2\n    exit 1\nfi\n# This output is used by Xcode 'outputs' to avoid re-running this script phase.\necho \"SUCCESS\" > \"${SCRIPT_OUTPUT_FILE_0}\"\n";
			showEnvVarsInLog = 0;
		};
		F7C7871488ADAC7A4509953B /* [CP] Embed Pods Frameworks */ = {
			isa = PBXShellScriptBuildPhase;
			buildActionMask = 2147483647;
			files = (
			);
			inputFileListPaths = (
				"${PODS_ROOT}/Target Support Files/Pods-myPlaces/Pods-myPlaces-frameworks-${CONFIGURATION}-input-files.xcfilelist",
			);
			name = "[CP] Embed Pods Frameworks";
			outputFileListPaths = (
				"${PODS_ROOT}/Target Support Files/Pods-myPlaces/Pods-myPlaces-frameworks-${CONFIGURATION}-output-files.xcfilelist",
			);
			runOnlyForDeploymentPostprocessing = 0;
			shellPath = /bin/sh;
			shellScript = "\"${PODS_ROOT}/Target Support Files/Pods-myPlaces/Pods-myPlaces-frameworks.sh\"\n";
			showEnvVarsInLog = 0;
		};
/* End PBXShellScriptBuildPhase section */

/* Begin PBXSourcesBuildPhase section */
		E795314525407E20000D11B4 /* Sources */ = {
			isa = PBXSourcesBuildPhase;
			buildActionMask = 2147483647;
			files = (
				E795316325414064000D11B4 /* MainViewController.swift in Sources */,
				E795314D25407E20000D11B4 /* AppDelegate.swift in Sources */,
				E7002A602543353200AFB731 /* NewPlace.swift in Sources */,
				E7B7F6DB25495F650005C66B /* StorageManager.swift in Sources */,
				E7002A5D2542ED6300AFB731 /* PlaceModel.swift in Sources */,
				E7002A592542EA3200AFB731 /* CustomTableViewCell.swift in Sources */,
				E795314F25407E20000D11B4 /* SceneDelegate.swift in Sources */,
			);
			runOnlyForDeploymentPostprocessing = 0;
		};
/* End PBXSourcesBuildPhase section */

/* Begin PBXVariantGroup section */
		E795315225407E20000D11B4 /* Main.storyboard */ = {
			isa = PBXVariantGroup;
			children = (
				E795315325407E20000D11B4 /* Base */,
			);
			name = Main.storyboard;
			sourceTree = "<group>";
		};
		E795315725407E23000D11B4 /* LaunchScreen.storyboard */ = {
			isa = PBXVariantGroup;
			children = (
				E795315825407E23000D11B4 /* Base */,
			);
			name = LaunchScreen.storyboard;
			sourceTree = "<group>";
		};
/* End PBXVariantGroup section */

/* Begin XCBuildConfiguration section */
		E795315B25407E23000D11B4 /* Debug */ = {
			isa = XCBuildConfiguration;
			buildSettings = {
				ALWAYS_SEARCH_USER_PATHS = NO;
				CLANG_ANALYZER_NONNULL = YES;
				CLANG_ANALYZER_NUMBER_OBJECT_CONVERSION = YES_AGGRESSIVE;
				CLANG_CXX_LANGUAGE_STANDARD = "gnu++14";
				CLANG_CXX_LIBRARY = "libc++";
				CLANG_ENABLE_MODULES = YES;
				CLANG_ENABLE_OBJC_ARC = YES;
				CLANG_ENABLE_OBJC_WEAK = YES;
				CLANG_WARN_BLOCK_CAPTURE_AUTORELEASING = YES;
				CLANG_WARN_BOOL_CONVERSION = YES;
				CLANG_WARN_COMMA = YES;
				CLANG_WARN_CONSTANT_CONVERSION = YES;
				CLANG_WARN_DEPRECATED_OBJC_IMPLEMENTATIONS = YES;
				CLANG_WARN_DIRECT_OBJC_ISA_USAGE = YES_ERROR;
				CLANG_WARN_DOCUMENTATION_COMMENTS = YES;
				CLANG_WARN_EMPTY_BODY = YES;
				CLANG_WARN_ENUM_CONVERSION = YES;
				CLANG_WARN_INFINITE_RECURSION = YES;
				CLANG_WARN_INT_CONVERSION = YES;
				CLANG_WARN_NON_LITERAL_NULL_CONVERSION = YES;
				CLANG_WARN_OBJC_IMPLICIT_RETAIN_SELF = YES;
				CLANG_WARN_OBJC_LITERAL_CONVERSION = YES;
				CLANG_WARN_OBJC_ROOT_CLASS = YES_ERROR;
				CLANG_WARN_QUOTED_INCLUDE_IN_FRAMEWORK_HEADER = YES;
				CLANG_WARN_RANGE_LOOP_ANALYSIS = YES;
				CLANG_WARN_STRICT_PROTOTYPES = YES;
				CLANG_WARN_SUSPICIOUS_MOVE = YES;
				CLANG_WARN_UNGUARDED_AVAILABILITY = YES_AGGRESSIVE;
				CLANG_WARN_UNREACHABLE_CODE = YES;
				CLANG_WARN__DUPLICATE_METHOD_MATCH = YES;
				COPY_PHASE_STRIP = NO;
				DEBUG_INFORMATION_FORMAT = dwarf;
				ENABLE_STRICT_OBJC_MSGSEND = YES;
				ENABLE_TESTABILITY = YES;
				GCC_C_LANGUAGE_STANDARD = gnu11;
				GCC_DYNAMIC_NO_PIC = NO;
				GCC_NO_COMMON_BLOCKS = YES;
				GCC_OPTIMIZATION_LEVEL = 0;
				GCC_PREPROCESSOR_DEFINITIONS = (
					"DEBUG=1",
					"$(inherited)",
				);
				GCC_WARN_64_TO_32_BIT_CONVERSION = YES;
				GCC_WARN_ABOUT_RETURN_TYPE = YES_ERROR;
				GCC_WARN_UNDECLARED_SELECTOR = YES;
				GCC_WARN_UNINITIALIZED_AUTOS = YES_AGGRESSIVE;
				GCC_WARN_UNUSED_FUNCTION = YES;
				GCC_WARN_UNUSED_VARIABLE = YES;
				IPHONEOS_DEPLOYMENT_TARGET = 14.1;
				MTL_ENABLE_DEBUG_INFO = INCLUDE_SOURCE;
				MTL_FAST_MATH = YES;
				ONLY_ACTIVE_ARCH = YES;
				SDKROOT = iphoneos;
				SWIFT_ACTIVE_COMPILATION_CONDITIONS = DEBUG;
				SWIFT_OPTIMIZATION_LEVEL = "-Onone";
			};
			name = Debug;
		};
		E795315C25407E23000D11B4 /* Release */ = {
			isa = XCBuildConfiguration;
			buildSettings = {
				ALWAYS_SEARCH_USER_PATHS = NO;
				CLANG_ANALYZER_NONNULL = YES;
				CLANG_ANALYZER_NUMBER_OBJECT_CONVERSION = YES_AGGRESSIVE;
				CLANG_CXX_LANGUAGE_STANDARD = "gnu++14";
				CLANG_CXX_LIBRARY = "libc++";
				CLANG_ENABLE_MODULES = YES;
				CLANG_ENABLE_OBJC_ARC = YES;
				CLANG_ENABLE_OBJC_WEAK = YES;
				CLANG_WARN_BLOCK_CAPTURE_AUTORELEASING = YES;
				CLANG_WARN_BOOL_CONVERSION = YES;
				CLANG_WARN_COMMA = YES;
				CLANG_WARN_CONSTANT_CONVERSION = YES;
				CLANG_WARN_DEPRECATED_OBJC_IMPLEMENTATIONS = YES;
				CLANG_WARN_DIRECT_OBJC_ISA_USAGE = YES_ERROR;
				CLANG_WARN_DOCUMENTATION_COMMENTS = YES;
				CLANG_WARN_EMPTY_BODY = YES;
				CLANG_WARN_ENUM_CONVERSION = YES;
				CLANG_WARN_INFINITE_RECURSION = YES;
				CLANG_WARN_INT_CONVERSION = YES;
				CLANG_WARN_NON_LITERAL_NULL_CONVERSION = YES;
				CLANG_WARN_OBJC_IMPLICIT_RETAIN_SELF = YES;
				CLANG_WARN_OBJC_LITERAL_CONVERSION = YES;
				CLANG_WARN_OBJC_ROOT_CLASS = YES_ERROR;
				CLANG_WARN_QUOTED_INCLUDE_IN_FRAMEWORK_HEADER = YES;
				CLANG_WARN_RANGE_LOOP_ANALYSIS = YES;
				CLANG_WARN_STRICT_PROTOTYPES = YES;
				CLANG_WARN_SUSPICIOUS_MOVE = YES;
				CLANG_WARN_UNGUARDED_AVAILABILITY = YES_AGGRESSIVE;
				CLANG_WARN_UNREACHABLE_CODE = YES;
				CLANG_WARN__DUPLICATE_METHOD_MATCH = YES;
				COPY_PHASE_STRIP = NO;
				DEBUG_INFORMATION_FORMAT = "dwarf-with-dsym";
				ENABLE_NS_ASSERTIONS = NO;
				ENABLE_STRICT_OBJC_MSGSEND = YES;
				GCC_C_LANGUAGE_STANDARD = gnu11;
				GCC_NO_COMMON_BLOCKS = YES;
				GCC_WARN_64_TO_32_BIT_CONVERSION = YES;
				GCC_WARN_ABOUT_RETURN_TYPE = YES_ERROR;
				GCC_WARN_UNDECLARED_SELECTOR = YES;
				GCC_WARN_UNINITIALIZED_AUTOS = YES_AGGRESSIVE;
				GCC_WARN_UNUSED_FUNCTION = YES;
				GCC_WARN_UNUSED_VARIABLE = YES;
				IPHONEOS_DEPLOYMENT_TARGET = 14.1;
				MTL_ENABLE_DEBUG_INFO = NO;
				MTL_FAST_MATH = YES;
				SDKROOT = iphoneos;
				SWIFT_COMPILATION_MODE = wholemodule;
				SWIFT_OPTIMIZATION_LEVEL = "-O";
				VALIDATE_PRODUCT = YES;
			};
			name = Release;
		};
		E795315E25407E23000D11B4 /* Debug */ = {
			isa = XCBuildConfiguration;
			baseConfigurationReference = 447560F2562BB1647DA7FEE9 /* Pods-myPlaces.debug.xcconfig */;
			buildSettings = {
				ASSETCATALOG_COMPILER_APPICON_NAME = AppIcon;
				ASSETCATALOG_COMPILER_GLOBAL_ACCENT_COLOR_NAME = AccentColor;
				CODE_SIGN_STYLE = Automatic;
				DEVELOPMENT_TEAM = 35VQYXQGSS;
				INFOPLIST_FILE = myPlaces/Info.plist;
				LD_RUNPATH_SEARCH_PATHS = (
					"$(inherited)",
					"@executable_path/Frameworks",
				);
				PRODUCT_BUNDLE_IDENTIFIER = B2Aimukambetov.myPlaces;
				PRODUCT_NAME = "$(TARGET_NAME)";
				SWIFT_VERSION = 5.0;
				TARGETED_DEVICE_FAMILY = "1,2";
			};
			name = Debug;
		};
		E795315F25407E23000D11B4 /* Release */ = {
			isa = XCBuildConfiguration;
			baseConfigurationReference = 68F0128A62AC410E1AD71A30 /* Pods-myPlaces.release.xcconfig */;
			buildSettings = {
				ASSETCATALOG_COMPILER_APPICON_NAME = AppIcon;
				ASSETCATALOG_COMPILER_GLOBAL_ACCENT_COLOR_NAME = AccentColor;
				CODE_SIGN_STYLE = Automatic;
				DEVELOPMENT_TEAM = 35VQYXQGSS;
				INFOPLIST_FILE = myPlaces/Info.plist;
				LD_RUNPATH_SEARCH_PATHS = (
					"$(inherited)",
					"@executable_path/Frameworks",
				);
				PRODUCT_BUNDLE_IDENTIFIER = B2Aimukambetov.myPlaces;
				PRODUCT_NAME = "$(TARGET_NAME)";
				SWIFT_VERSION = 5.0;
				TARGETED_DEVICE_FAMILY = "1,2";
			};
			name = Release;
		};
/* End XCBuildConfiguration section */

/* Begin XCConfigurationList section */
		E795314425407E20000D11B4 /* Build configuration list for PBXProject "myPlaces" */ = {
			isa = XCConfigurationList;
			buildConfigurations = (
				E795315B25407E23000D11B4 /* Debug */,
				E795315C25407E23000D11B4 /* Release */,
			);
			defaultConfigurationIsVisible = 0;
			defaultConfigurationName = Release;
		};
		E795315D25407E23000D11B4 /* Build configuration list for PBXNativeTarget "myPlaces" */ = {
			isa = XCConfigurationList;
			buildConfigurations = (
				E795315E25407E23000D11B4 /* Debug */,
				E795315F25407E23000D11B4 /* Release */,
			);
			defaultConfigurationIsVisible = 0;
			defaultConfigurationName = Release;
		};
/* End XCConfigurationList section */
	};
	rootObject = E795314125407E20000D11B4 /* Project object */;
}
